# polyglot stableids v1
algorithms-bfs	rust	lessons/algorithms-bfs.md
algorithms-binary-search	rust	lessons/algorithms-binary-search.md
algorithms-binary-search-variants	rust	lessons/algorithms-binary-search-variants.md
algorithms-bst	rust	lessons/algorithms-bst.md
algorithms-bst-delete-and-balance	rust	lessons/algorithms-bst-delete-and-balance.md
algorithms-bubble-sort	rust	lessons/algorithms-bubble-sort.md
algorithms-connected-components	rust	lessons/algorithms-connected-components.md
algorithms-cycle-detection	rust	lessons/algorithms-cycle-detection.md
algorithms-dfs	rust	lessons/algorithms-dfs.md
algorithms-dijkstra	rust	lessons/algorithms-dijkstra.md
algorithms-dp-1d-problems	rust	lessons/algorithms-dp-1d-problems.md
algorithms-dp-2d-grid	rust	lessons/algorithms-dp-2d-grid.md
algorithms-dp-knapsack	rust	lessons/algorithms-dp-knapsack.md
algorithms-dp-lcs	rust	lessons/algorithms-dp-lcs.md
algorithms-dp-memoization	rust	lessons/algorithms-dp-memoization.md
algorithms-dp-tabulation	rust	lessons/algorithms-dp-tabulation.md
algorithms-graph-representation	rust	lessons/algorithms-graph-representation.md
algorithms-heap-priority-queue	rust	lessons/algorithms-heap-priority-queue.md
algorithms-insertion-sort	rust	lessons/algorithms-insertion-sort.md
algorithms-merge-sort	rust	lessons/algorithms-merge-sort.md
algorithms-prefix-sum	rust	lessons/algorithms-prefix-sum.md
algorithms-quick-sort	rust	lessons/algorithms-quick-sort.md
algorithms-recursion-basics	rust	lessons/algorithms-recursion-basics.md
algorithms-selection-sort	rust	lessons/algorithms-selection-sort.md
algorithms-shortest-path-unweighted	rust	lessons/algorithms-shortest-path-unweighted.md
algorithms-sliding-window	rust	lessons/algorithms-sliding-window.md
algorithms-sorting-comparison	rust	lessons/algorithms-sorting-comparison.md
algorithms-topological-sort	rust	lessons/algorithms-topological-sort.md
algorithms-tree-basics	rust	lessons/algorithms-tree-basics.md
algorithms-tree-traversal-bfs	rust	lessons/algorithms-tree-traversal-bfs.md
algorithms-tree-traversal-dfs	rust	lessons/algorithms-tree-traversal-dfs.md
algorithms-two-pointers	rust	lessons/algorithms-two-pointers.md
